schema: '2.0'
stages:
  split_data:
    cmd: python src/data/split_data.py
    deps:
    - path: data/raw/raw.csv
      hash: md5
      md5: 617b56af2992376d5c3e91ad80823898
      size: 333757
    - path: src/data/split_data.py
      hash: md5
      md5: c29369fd8e1309b43bba9b43ed957e26
      size: 620
    outs:
    - path: data/processed/X_test.csv
      hash: md5
      md5: b6c2910e3b3fc562c5b516b63fc3e22c
      size: 59909
    - path: data/processed/X_train.csv
      hash: md5
      md5: ef01f67c035349e375300528a99938f5
      size: 238533
    - path: data/processed/y_test.csv
      hash: md5
      md5: a051d29629c8bbb4cfb7e85c7f0315da
      size: 6456
    - path: data/processed/y_train.csv
      hash: md5
      md5: a9cd9d91da89f732843d72548f64ded3
      size: 25951
